// !$*UTF8*$!
{
	archiveVersion = 1;
	classes = {
	};
	objectVersion = 50;
	objects = {

/* Begin PBXBuildFile section */
		8350216124636C26003B1F87 /* AppDelegate.swift in Sources */ = {isa = PBXBuildFile; fileRef = 8350216024636C26003B1F87 /* AppDelegate.swift */; };
		8350216324636C26003B1F87 /* SceneDelegate.swift in Sources */ = {isa = PBXBuildFile; fileRef = 8350216224636C26003B1F87 /* SceneDelegate.swift */; };
		8350216524636C26003B1F87 /* ViewController.swift in Sources */ = {isa = PBXBuildFile; fileRef = 8350216424636C26003B1F87 /* ViewController.swift */; };
		8350216824636C26003B1F87 /* Main.storyboard in Resources */ = {isa = PBXBuildFile; fileRef = 8350216624636C26003B1F87 /* Main.storyboard */; };
		8350216A24636C29003B1F87 /* Assets.xcassets in Resources */ = {isa = PBXBuildFile; fileRef = 8350216924636C29003B1F87 /* Assets.xcassets */; };
		8350216D24636C29003B1F87 /* LaunchScreen.storyboard in Resources */ = {isa = PBXBuildFile; fileRef = 8350216B24636C29003B1F87 /* LaunchScreen.storyboard */; };
		8350217624636E1A003B1F87 /* lamp_off.png in Resources */ = {isa = PBXBuildFile; fileRef = 8350217424636E1A003B1F87 /* lamp_off.png */; };
		8350217724636E1A003B1F87 /* lamp_on.png in Resources */ = {isa = PBXBuildFile; fileRef = 8350217524636E1A003B1F87 /* lamp_on.png */; };
		8350217924636ED1003B1F87 /* ImageViewController.swift in Sources */ = {isa = PBXBuildFile; fileRef = 8350217824636ED0003B1F87 /* ImageViewController.swift */; };
		8350217B24637029003B1F87 /* DateViewController.swift in Sources */ = {isa = PBXBuildFile; fileRef = 8350217A24637029003B1F87 /* DateViewController.swift */; };
		8350217D246442C8003B1F87 /* File.png in Resources */ = {isa = PBXBuildFile; fileRef = 8350217C246442C7003B1F87 /* File.png */; };
/* End PBXBuildFile section */

/* Begin PBXFileReference section */
		8350215D24636C26003B1F87 /* 10 Tab.app */ = {isa = PBXFileReference; explicitFileType = wrapper.application; includeInIndex = 0; path = "10 Tab.app"; sourceTree = BUILT_PRODUCTS_DIR; };
		8350216024636C26003B1F87 /* AppDelegate.swift */ = {isa = PBXFileReference; lastKnownFileType = sourcecode.swift; path = AppDelegate.swift; sourceTree = "<group>"; };
		8350216224636C26003B1F87 /* SceneDelegate.swift */ = {isa = PBXFileReference; lastKnownFileType = sourcecode.swift; path = SceneDelegate.swift; sourceTree = "<group>"; };
		8350216424636C26003B1F87 /* ViewController.swift */ = {isa = PBXFileReference; lastKnownFileType = sourcecode.swift; path = ViewController.swift; sourceTree = "<group>"; };
		8350216724636C26003B1F87 /* Base */ = {isa = PBXFileReference; lastKnownFileType = file.storyboard; name = Base; path = Base.lproj/Main.storyboard; sourceTree = "<group>"; };
		8350216924636C29003B1F87 /* Assets.xcassets */ = {isa = PBXFileReference; lastKnownFileType = folder.assetcatalog; path = Assets.xcassets; sourceTree = "<group>"; };
		8350216C24636C29003B1F87 /* Base */ = {isa = PBXFileReference; lastKnownFileType = file.storyboard; name = Base; path = Base.lproj/LaunchScreen.storyboard; sourceTree = "<group>"; };
		8350216E24636C29003B1F87 /* Info.plist */ = {isa = PBXFileReference; lastKnownFileType = text.plist.xml; path = Info.plist; sourceTree = "<group>"; };
		8350217424636E1A003B1F87 /* lamp_off.png */ = {isa = PBXFileReference; lastKnownFileType = image.png; path = lamp_off.png; sourceTree = "<group>"; };
		8350217524636E1A003B1F87 /* lamp_on.png */ = {isa = PBXFileReference; lastKnownFileType = image.png; path = lamp_on.png; sourceTree = "<group>"; };
		8350217824636ED0003B1F87 /* ImageViewController.swift */ = {isa = PBXFileReference; fileEncoding = 4; lastKnownFileType = sourcecode.swift; path = ImageViewController.swift; sourceTree = "<group>"; };
		8350217A24637029003B1F87 /* DateViewController.swift */ = {isa = PBXFileReference; fileEncoding = 4; lastKnownFileType = sourcecode.swift; path = DateViewController.swift; sourceTree = "<group>"; };
		8350217C246442C7003B1F87 /* File.png */ = {isa = PBXFileReference; lastKnownFileType = image.png; path = File.png; sourceTree = "<group>"; };
/* End PBXFileReference section */

/* Begin PBXFrameworksBuildPhase section */
		8350215A24636C26003B1F87 /* Frameworks */ = {
			isa = PBXFrameworksBuildPhase;
			buildActionMask = 2147483647;
			files = (
			);
			runOnlyForDeploymentPostprocessing = 0;
		};
/* End PBXFrameworksBuildPhase section */

/* Begin PBXGroup section */
		8350215424636C26003B1F87 = {
			isa = PBXGroup;
			children = (
				8350215F24636C26003B1F87 /* 10 Tab */,
				8350215E24636C26003B1F87 /* Products */,
			);
			sourceTree = "<group>";
		};
		8350215E24636C26003B1F87 /* Products */ = {
			isa = PBXGroup;
			children = (
				8350215D24636C26003B1F87 /* 10 Tab.app */,
			);
			name = Products;
			sourceTree = "<group>";
		};
		8350215F24636C26003B1F87 /* 10 Tab */ = {
			isa = PBXGroup;
			children = (
				8350216024636C26003B1F87 /* AppDelegate.swift */,
				8350216224636C26003B1F87 /* SceneDelegate.swift */,
				8350217A24637029003B1F87 /* DateViewController.swift */,
				8350216424636C26003B1F87 /* ViewController.swift */,
				8350217824636ED0003B1F87 /* ImageViewController.swift */,
				8350216624636C26003B1F87 /* Main.storyboard */,
				8350216924636C29003B1F87 /* Assets.xcassets */,
				8350216B24636C29003B1F87 /* LaunchScreen.storyboard */,
				8350216E24636C29003B1F87 /* Info.plist */,
				8350217424636E1A003B1F87 /* lamp_off.png */,
				8350217524636E1A003B1F87 /* lamp_on.png */,
				8350217C246442C7003B1F87 /* File.png */,
			);
			path = "10 Tab";
			sourceTree = "<group>";
		};
/* End PBXGroup section */

/* Begin PBXNativeTarget section */
		8350215C24636C26003B1F87 /* 10 Tab */ = {
			isa = PBXNativeTarget;
			buildConfigurationList = 8350217124636C29003B1F87 /* Build configuration list for PBXNativeTarget "10 Tab" */;
			buildPhases = (
				8350215924636C26003B1F87 /* Sources */,
				8350215A24636C26003B1F87 /* Frameworks */,
				8350215B24636C26003B1F87 /* Resources */,
			);
			buildRules = (
			);
			dependencies = (
			);
			name = "10 Tab";
			productName = "10 Tab";
			productReference = 8350215D24636C26003B1F87 /* 10 Tab.app */;
			productType = "com.apple.product-type.application";
		};
/* End PBXNativeTarget section */

/* Begin PBXProject section */
		8350215524636C26003B1F87 /* Project object */ = {
			isa = PBXProject;
			attributes = {
				LastSwiftUpdateCheck = 1140;
				LastUpgradeCheck = 1140;
				ORGANIZATIONNAME = "G-Kay";
				TargetAttributes = {
					8350215C24636C26003B1F87 = {
						CreatedOnToolsVersion = 11.4.1;
					};
				};
			};
			buildConfigurationList = 8350215824636C26003B1F87 /* Build configuration list for PBXProject "10 Tab" */;
			compatibilityVersion = "Xcode 9.3";
			developmentRegion = en;
			hasScannedForEncodings = 0;
			knownRegions = (
				en,
				Base,
			);
			mainGroup = 8350215424636C26003B1F87;
			productRefGroup = 8350215E24636C26003B1F87 /* Products */;
			projectDirPath = "";
			projectRoot = "";
			targets = (
				8350215C24636C26003B1F87 /* 10 Tab */,
			);
		};
/* End PBXProject section */

/* Begin PBXResourcesBuildPhase section */
		8350215B24636C26003B1F87 /* Resources */ = {
			isa = PBXResourcesBuildPhase;
			buildActionMask = 2147483647;
			files = (
				8350216D24636C29003B1F87 /* LaunchScreen.storyboard in Resources */,
				8350216A24636C29003B1F87 /* Assets.xcassets in Resources */,
				8350217724636E1A003B1F87 /* lamp_on.png in Resources */,
				8350217D246442C8003B1F87 /* File.png in Resources */,
				8350216824636C26003B1F87 /* Main.storyboard in Resources */,
				8350217624636E1A003B1F87 /* lamp_off.png in Resources */,
			);
			runOnlyForDeploymentPostprocessing = 0;
		};
/* End PBXResourcesBuildPhase section */

/* Begin PBXSourcesBuildPhase section */
		8350215924636C26003B1F87 /* Sources */ = {
			isa = PBXSourcesBuildPhase;
			buildActionMask = 2147483647;
			files = (
				8350217B24637029003B1F87 /* DateViewController.swift in Sources */,
				8350216524636C26003B1F87 /* ViewController.swift in Sources */,
				8350216124636C26003B1F87 /* AppDelegate.swift in Sources */,
				8350217924636ED1003B1F87 /* ImageViewController.swift in Sources */,
				8350216324636C26003B1F87 /* SceneDelegate.swift in Sources */,
			);
			runOnlyForDeploymentPostprocessing = 0;
		};
/* End PBXSourcesBuildPhase section */

/* Begin PBXVariantGroup section */
		8350216624636C26003B1F87 /* Main.storyboard */ = {
			isa = PBXVariantGroup;
			children = (
				8350216724636C26003B1F87 /* Base */,
			);
			name = Main.storyboard;
			sourceTree = "<group>";
		};
		8350216B24636C29003B1F87 /* LaunchScreen.storyboard */ = {
			isa = PBXVariantGroup;
			children = (
				8350216C24636C29003B1F87 /* Base */,
			);
			name = LaunchScreen.storyboard;
			sourceTree = "<group>";
		};
/* End PBXVariantGroup section */

/* Begin XCBuildConfiguration section */
		8350216F24636C29003B1F87 /* Debug */ = {
			isa = XCBuildConfiguration;
			buildSettings = {
				ALWAYS_SEARCH_USER_PATHS = NO;
				CLANG_ANALYZER_NONNULL = YES;
				CLANG_ANALYZER_NUMBER_OBJECT_CONVERSION = YES_AGGRESSIVE;
				CLANG_CXX_LANGUAGE_STANDARD = "gnu++14";
				CLANG_CXX_LIBRARY = "libc++";
				CLANG_ENABLE_MODULES = YES;
				CLANG_ENABLE_OBJC_ARC = YES;
				CLANG_ENABLE_OBJC_WEAK = YES;
				CLANG_WARN_BLOCK_CAPTURE_AUTORELEASING = YES;
				CLANG_WARN_BOOL_CONVERSION = YES;
				CLANG_WARN_COMMA = YES;
				CLANG_WARN_CONSTANT_CONVERSION = YES;
				CLANG_WARN_DEPRECATED_OBJC_IMPLEMENTATIONS = YES;
				CLANG_WARN_DIRECT_OBJC_ISA_USAGE = YES_ERROR;
				CLANG_WARN_DOCUMENTATION_COMMENTS = YES;
				CLANG_WARN_EMPTY_BODY = YES;
				CLANG_WARN_ENUM_CONVERSION = YES;
				CLANG_WARN_INFINITE_RECURSION = YES;
				CLANG_WARN_INT_CONVERSION = YES;
				CLANG_WARN_NON_LITERAL_NULL_CONVERSION = YES;
				CLANG_WARN_OBJC_IMPLICIT_RETAIN_SELF = YES;
				CLANG_WARN_OBJC_LITERAL_CONVERSION = YES;
				CLANG_WARN_OBJC_ROOT_CLASS = YES_ERROR;
				CLANG_WARN_RANGE_LOOP_ANALYSIS = YES;
				CLANG_WARN_STRICT_PROTOTYPES = YES;
				CLANG_WARN_SUSPICIOUS_MOVE = YES;
				CLANG_WARN_UNGUARDED_AVAILABILITY = YES_AGGRESSIVE;
				CLANG_WARN_UNREACHABLE_CODE = YES;
				CLANG_WARN__DUPLICATE_METHOD_MATCH = YES;
				COPY_PHASE_STRIP = NO;
				DEBUG_INFORMATION_FORMAT = dwarf;
				ENABLE_STRICT_OBJC_MSGSEND = YES;
				ENABLE_TESTABILITY = YES;
				GCC_C_LANGUAGE_STANDARD = gnu11;
				GCC_DYNAMIC_NO_PIC = NO;
				GCC_NO_COMMON_BLOCKS = YES;
				GCC_OPTIMIZATION_LEVEL = 0;
				GCC_PREPROCESSOR_DEFINITIONS = (
					"DEBUG=1",
					"$(inherited)",
				);
				GCC_WARN_64_TO_32_BIT_CONVERSION = YES;
				GCC_WARN_ABOUT_RETURN_TYPE = YES_ERROR;
				GCC_WARN_UNDECLARED_SELECTOR = YES;
				GCC_WARN_UNINITIALIZED_AUTOS = YES_AGGRESSIVE;
				GCC_WARN_UNUSED_FUNCTION = YES;
				GCC_WARN_UNUSED_VARIABLE = YES;
				IPHONEOS_DEPLOYMENT_TARGET = 13.4;
				MTL_ENABLE_DEBUG_INFO = INCLUDE_SOURCE;
				MTL_FAST_MATH = YES;
				ONLY_ACTIVE_ARCH = YES;
				SDKROOT = iphoneos;
				SWIFT_ACTIVE_COMPILATION_CONDITIONS = DEBUG;
				SWIFT_OPTIMIZATION_LEVEL = "-Onone";
			};
			name = Debug;
		};
		8350217024636C29003B1F87 /* Release */ = {
			isa = XCBuildConfiguration;
			buildSettings = {
				ALWAYS_SEARCH_USER_PATHS = NO;
				CLANG_ANALYZER_NONNULL = YES;
				CLANG_ANALYZER_NUMBER_OBJECT_CONVERSION = YES_AGGRESSIVE;
				CLANG_CXX_LANGUAGE_STANDARD = "gnu++14";
				CLANG_CXX_LIBRARY = "libc++";
				CLANG_ENABLE_MODULES = YES;
				CLANG_ENABLE_OBJC_ARC = YES;
				CLANG_ENABLE_OBJC_WEAK = YES;
				CLANG_WARN_BLOCK_CAPTURE_AUTORELEASING = YES;
				CLANG_WARN_BOOL_CONVERSION = YES;
				CLANG_WARN_COMMA = YES;
				CLANG_WARN_CONSTANT_CONVERSION = YES;
				CLANG_WARN_DEPRECATED_OBJC_IMPLEMENTATIONS = YES;
				CLANG_WARN_DIRECT_OBJC_ISA_USAGE = YES_ERROR;
				CLANG_WARN_DOCUMENTATION_COMMENTS = YES;
				CLANG_WARN_EMPTY_BODY = YES;
				CLANG_WARN_ENUM_CONVERSION = YES;
				CLANG_WARN_INFINITE_RECURSION = YES;
				CLANG_WARN_INT_CONVERSION = YES;
				CLANG_WARN_NON_LITERAL_NULL_CONVERSION = YES;
				CLANG_WARN_OBJC_IMPLICIT_RETAIN_SELF = YES;
				CLANG_WARN_OBJC_LITERAL_CONVERSION = YES;
				CLANG_WARN_OBJC_ROOT_CLASS = YES_ERROR;
				CLANG_WARN_RANGE_LOOP_ANALYSIS = YES;
				CLANG_WARN_STRICT_PROTOTYPES = YES;
				CLANG_WARN_SUSPICIOUS_MOVE = YES;
				CLANG_WARN_UNGUARDED_AVAILABILITY = YES_AGGRESSIVE;
				CLANG_WARN_UNREACHABLE_CODE = YES;
				CLANG_WARN__DUPLICATE_METHOD_MATCH = YES;
				COPY_PHASE_STRIP = NO;
				DEBUG_INFORMATION_FORMAT = "dwarf-with-dsym";
				ENABLE_NS_ASSERTIONS = NO;
				ENABLE_STRICT_OBJC_MSGSEND = YES;
				GCC_C_LANGUAGE_STANDARD = gnu11;
				GCC_NO_COMMON_BLOCKS = YES;
				GCC_WARN_64_TO_32_BIT_CONVERSION = YES;
				GCC_WARN_ABOUT_RETURN_TYPE = YES_ERROR;
				GCC_WARN_UNDECLARED_SELECTOR = YES;
				GCC_WARN_UNINITIALIZED_AUTOS = YES_AGGRESSIVE;
				GCC_WARN_UNUSED_FUNCTION = YES;
				GCC_WARN_UNUSED_VARIABLE = YES;
				IPHONEOS_DEPLOYMENT_TARGET = 13.4;
				MTL_ENABLE_DEBUG_INFO = NO;
				MTL_FAST_MATH = YES;
				SDKROOT = iphoneos;
				SWIFT_COMPILATION_MODE = wholemodule;
				SWIFT_OPTIMIZATION_LEVEL = "-O";
				VALIDATE_PRODUCT = YES;
			};
			name = Release;
		};
		8350217224636C29003B1F87 /* Debug */ = {
			isa = XCBuildConfiguration;
			buildSettings = {
				ASSETCATALOG_COMPILER_APPICON_NAME = AppIcon;
				CODE_SIGN_STYLE = Automatic;
				INFOPLIST_FILE = "10 Tab/Info.plist";
				LD_RUNPATH_SEARCH_PATHS = (
					"$(inherited)",
					"@executable_path/Frameworks",
				);
				PRODUCT_BUNDLE_IDENTIFIER = "com.gkay.-0-Tab";
				PRODUCT_NAME = "$(TARGET_NAME)";
				SWIFT_VERSION = 5.0;
				TARGETED_DEVICE_FAMILY = "1,2";
			};
			name = Debug;
		};
		8350217324636C29003B1F87 /* Release */ = {
			isa = XCBuildConfiguration;
			buildSettings = {
				ASSETCATALOG_COMPILER_APPICON_NAME = AppIcon;
				CODE_SIGN_STYLE = Automatic;
				INFOPLIST_FILE = "10 Tab/Info.plist";
				LD_RUNPATH_SEARCH_PATHS = (
					"$(inherited)",
					"@executable_path/Frameworks",
				);
				PRODUCT_BUNDLE_IDENTIFIER = "com.gkay.-0-Tab";
				PRODUCT_NAME = "$(TARGET_NAME)";
				SWIFT_VERSION = 5.0;
				TARGETED_DEVICE_FAMILY = "1,2";
			};
			name = Release;
		};
/* End XCBuildConfiguration section */

/* Begin XCConfigurationList section */
		8350215824636C26003B1F87 /* Build configuration list for PBXProject "10 Tab" */ = {
			isa = XCConfigurationList;
			buildConfigurations = (
				8350216F24636C29003B1F87 /* Debug */,
				8350217024636C29003B1F87 /* Release */,
			);
			defaultConfigurationIsVisible = 0;
			defaultConfigurationName = Release;
		};
		8350217124636C29003B1F87 /* Build configuration list for PBXNativeTarget "10 Tab" */ = {
			isa = XCConfigurationList;
			buildConfigurations = (
				8350217224636C29003B1F87 /* Debug */,
				8350217324636C29003B1F87 /* Release */,
			);
			defaultConfigurationIsVisible = 0;
			defaultConfigurationName = Release;
		};
/* End XCConfigurationList section */
	};
	rootObject = 8350215524636C26003B1F87 /* Project object */;
}
